<?xml version="1.0" encoding="utf-8"?>
<Project ToolsVersion="4.0" xmlns="http://schemas.microsoft.com/developer/msbuild/2003">
  <ItemGroup>
    <Filter Include="code">
      <UniqueIdentifier>{74c0c2b4-2850-4439-9109-cbc69a1960b0}</UniqueIdentifier>
    </Filter>
    <Filter Include="code\GFX3D9">
      <UniqueIdentifier>{2a847411-a326-463f-b55c-584b440517ec}</UniqueIdentifier>
    </Filter>
    <Filter Include="code\MD3Base">
      <UniqueIdentifier>{d3ed65ea-738f-4214-abae-25b9e190b1a6}</UniqueIdentifier>
    </Filter>
    <Filter Include="code\3rdParty">
      <UniqueIdentifier>{69cfdb4f-e2ad-447c-94f7-58996b14433d}</UniqueIdentifier>
    </Filter>
    <Filter Include="code\3rdParty\miniz">
      <UniqueIdentifier>{8ea45dd5-6586-4580-b3ac-df30f026a673}</UniqueIdentifier>
    </Filter>
    <Filter Include="code\3rdParty\miniz\examples">
      <UniqueIdentifier>{4aa93669-8568-46e2-bc80-3282c2cfddb8}</UniqueIdentifier>
    </Filter>
    <Filter Include="code\FileSsytem">
      <UniqueIdentifier>{0174cf8f-eb48-4a02-9dae-ffbbca31e3a6}</UniqueIdentifier>
    </Filter>
  </ItemGroup>
  <ItemGroup>
    <Image Include="code\directx.ico">
      <Filter>code</Filter>
    </Image>
    <Image Include="code\GFX3D9\BeemConsole.jpg">
      <Filter>code\GFX3D9</Filter>
    </Image>
    <Image Include="code\GFX3D9\BeemFont.dib">
      <Filter>code\GFX3D9</Filter>
    </Image>
  </ItemGroup>
  <ItemGroup>
    <ClCompile Include="code\Main.cpp">
      <Filter>code</Filter>
    </ClCompile>
    <ClCompile Include="code\GFX3D9\BeemConsole.c">
      <Filter>code\GFX3D9</Filter>
    </ClCompile>
    <ClCompile Include="code\GFX3D9\D3DFont.c">
      <Filter>code\GFX3D9</Filter>
    </ClCompile>
    <ClCompile Include="code\GFX3D9\D3DImage.c">
      <Filter>code\GFX3D9</Filter>
    </ClCompile>
    <ClCompile Include="code\GFX3D9\D3DInit.c">
      <Filter>code\GFX3D9</Filter>
    </ClCompile>
    <ClCompile Include="code\GFX3D9\Vertex.cpp">
      <Filter>code\GFX3D9</Filter>
    </ClCompile>
    <ClCompile Include="code\MD3Base\Functions.c">
      <Filter>code\MD3Base</Filter>
    </ClCompile>
    <ClCompile Include="code\MD3Base\MD3Animation.cpp">
      <Filter>code\MD3Base</Filter>
    </ClCompile>
    <ClCompile Include="code\MD3Base\MD3Data.c">
      <Filter>code\MD3Base</Filter>
    </ClCompile>
    <ClCompile Include="code\MD3Base\MD3File.c">
      <Filter>code\MD3Base</Filter>
    </ClCompile>
    <ClCompile Include="code\MD3Base\MD3Mesh.cpp">
      <Filter>code\MD3Base</Filter>
    </ClCompile>
    <ClCompile Include="code\MD3Base\MD3ObjectMesh.cpp">
      <Filter>code\MD3Base</Filter>
    </ClCompile>
    <ClCompile Include="code\MD3Base\MD3PlayerMesh.cpp">
      <Filter>code\MD3Base</Filter>
    </ClCompile>
    <ClCompile Include="code\MD3Base\MD3PlayerObject.cpp">
      <Filter>code\MD3Base</Filter>
    </ClCompile>
    <ClCompile Include="code\MD3Base\MD3Skin.cpp">
      <Filter>code\MD3Base</Filter>
    </ClCompile>
    <ClCompile Include="code\MD3Base\MD3TexDB.cpp">
      <Filter>code\MD3Base</Filter>
    </ClCompile>
    <ClCompile Include="code\MD3Base\MD3WeaponMesh.cpp">
      <Filter>code\MD3Base</Filter>
    </ClCompile>
    <ClCompile Include="code\3rdParty\miniz\miniz.c">
      <Filter>code\3rdParty\miniz</Filter>
    </ClCompile>
    <ClCompile Include="code\3rdParty\miniz\examples\example1.c">
      <Filter>code\3rdParty\miniz\examples</Filter>
    </ClCompile>
    <ClCompile Include="code\3rdParty\miniz\examples\example2.c">
      <Filter>code\3rdParty\miniz\examples</Filter>
    </ClCompile>
    <ClCompile Include="code\3rdParty\miniz\examples\example3.c">
      <Filter>code\3rdParty\miniz\examples</Filter>
    </ClCompile>
    <ClCompile Include="code\3rdParty\miniz\examples\example4.c">
      <Filter>code\3rdParty\miniz\examples</Filter>
    </ClCompile>
    <ClCompile Include="code\3rdParty\miniz\examples\example5.c">
      <Filter>code\3rdParty\miniz\examples</Filter>
    </ClCompile>
    <ClCompile Include="code\3rdParty\miniz\examples\example6.c">
      <Filter>code\3rdParty\miniz\examples</Filter>
    </ClCompile>
    <ClCompile Include="code\FileSystem\DataStream.cpp">
      <Filter>code\FileSsytem</Filter>
    </ClCompile>
    <ClCompile Include="code\FileSystem\ZipArchive.cpp">
      <Filter>code\FileSsytem</Filter>
    </ClCompile>
  </ItemGroup>
  <ItemGroup>
    <ClInclude Include="code\resource.h">
      <Filter>code</Filter>
    </ClInclude>
    <ClInclude Include="code\GFX3D9\GFX3D9.h">
      <Filter>code\GFX3D9</Filter>
    </ClInclude>
    <ClInclude Include="code\MD3Base\defines.h">
      <Filter>code\MD3Base</Filter>
    </ClInclude>
    <ClInclude Include="code\MD3Base\Functions.h">
      <Filter>code\MD3Base</Filter>
    </ClInclude>
    <ClInclude Include="code\MD3Base\MD3.h">
      <Filter>code\MD3Base</Filter>
    </ClInclude>
    <ClInclude Include="code\MD3Base\MD3File.h">
      <Filter>code\MD3Base</Filter>
    </ClInclude>
    <ClInclude Include="code\MD3Base\MD3TexDB.h">
      <Filter>code\MD3Base</Filter>
    </ClInclude>
    <ClInclude Include="code\3rdParty\miniz\miniz.h">
      <Filter>code\3rdParty\miniz</Filter>
    </ClInclude>
    <ClInclude Include="code\FileSystem\DataStream.h">
      <Filter>code\FileSsytem</Filter>
    </ClInclude>
    <ClInclude Include="code\FileSystem\ZipArchive.h">
      <Filter>code\FileSsytem</Filter>
    </ClInclude>
    <ClInclude Include="code\MD3Base\MD3Types.h">
      <Filter>code\MD3Base</Filter>
    </ClInclude>
  </ItemGroup>
  <ItemGroup>
    <ResourceCompile Include="code\resource.rc">
      <Filter>code</Filter>
    </ResourceCompile>
  </ItemGroup>
  <ItemGroup>
    <None Include="code\GFX3D9\GFX3D9.dsp">
      <Filter>code\GFX3D9</Filter>
    </None>
    <None Include="code\GFX3D9\GFX3D9.vcproj">
      <Filter>code\GFX3D9</Filter>
    </None>
    <None Include="packages.config" />
    <None Include="code\3rdParty\miniz\ChangeLog.md">
      <Filter>code\3rdParty\miniz</Filter>
    </None>
    <None Include="code\3rdParty\miniz\LICENSE">
      <Filter>code\3rdParty\miniz</Filter>
    </None>
    <None Include="code\3rdParty\miniz\readme.md">
      <Filter>code\3rdParty\miniz</Filter>
    </None>
  </ItemGroup>
  <ItemGroup>
    <Text Include="code\MD3Base\ToDo.txt">
      <Filter>code\MD3Base</Filter>
    </Text>
  </ItemGroup>
</Project>